Microsoft Visual Studio Solution File, Format Version 12.00
# Visual Studio Version 17
VisualStudioVersion = 17.5.2.0
MinimumVisualStudioVersion = 10.0.40219.1
Project("{2150E333-8FDC-42A3-9474-1A3956D46DE8}") = "Backend", "Backend", "{1AE8ACA6-933B-BF2A-3671-3E2EAC007D16}"
EndProject
Project("{FAE04EC0-301F-11D3-BF4B-00C04F79EFBC}") = "MyJwtbymyselv", "Backend\MyJwtbymyselv\MyJwtbymyselv.csproj", "{E9ADA203-3ADC-377F-F87B-308371FD2D4B}"
EndProject
Global
	GlobalSection(SolutionConfigurationPlatforms) = preSolution
		Debug|Any CPU = Debug|Any CPU
		Release|Any CPU = Release|Any CPU
	EndGlobalSection
	GlobalSection(ProjectConfigurationPlatforms) = postSolution
		{E9ADA203-3ADC-377F-F87B-308371FD2D4B}.Debug|Any CPU.ActiveCfg = Debug|Any CPU
		{E9ADA203-3ADC-377F-F87B-308371FD2D4B}.Debug|Any CPU.Build.0 = Debug|Any CPU
		{E9ADA203-3ADC-377F-F87B-308371FD2D4B}.Release|Any CPU.ActiveCfg = Release|Any CPU
		{E9ADA203-3ADC-377F-F87B-308371FD2D4B}.Release|Any CPU.Build.0 = Release|Any CPU
	EndGlobalSection
	GlobalSection(SolutionProperties) = preSolution
		HideSolutionNode = FALSE
	EndGlobalSection
	GlobalSection(NestedProjects) = preSolution
		{E9ADA203-3ADC-377F-F87B-308371FD2D4B} = {1AE8ACA6-933B-BF2A-3671-3E2EAC007D16}
	EndGlobalSection
	GlobalSection(ExtensibilityGlobals) = postSolution
		SolutionGuid = {47C91E26-9DC4-4447-A45E-A6B8E8856853}
	EndGlobalSection
EndGlobal
